# THIS IS AN AUTOGENERATED FILE. DO NOT EDIT THIS FILE DIRECTLY.
# yarn lockfile v1


eslint-config-prettier@^9.0.0:
  version "9.0.0"
  resolved "https://registry.yarnpkg.com/eslint-config-prettier/-/eslint-config-prettier-9.0.0.tgz#eb25485946dd0c66cd216a46232dc05451518d1f"
  integrity sha512-IcJsTkJae2S35pRsRAwoCE+925rJJStOdkKnLVgtE+tEpqU0EVVM7OqrwxqgptKdX29NUwC82I5pXsGFIgSevw==
